
Microsoft Visual Studio Solution File, Format Version 12.00
# Visual Studio Version 17
VisualStudioVersion = 17.5.002.0
MinimumVisualStudioVersion = 10.0.40219.1
Project("{9A19103F-16F7-4668-BE54-9A1E7A4F7556}") = "LittleHorse.Sdk", "LittleHorse.Sdk.csproj", "{F47CBA48-D52D-4DD8-8D17-4F413C3CE469}"
EndProject
Global
	GlobalSection(SolutionConfigurationPlatforms) = preSolution
		Debug|Any CPU = Debug|Any CPU
		Release|Any CPU = Release|Any CPU
	EndGlobalSection
	GlobalSection(ProjectConfigurationPlatforms) = postSolution
		{F47CBA48-D52D-4DD8-8D17-4F413C3CE469}.Debug|Any CPU.ActiveCfg = Debug|Any CPU
		{F47CBA48-D52D-4DD8-8D17-4F413C3CE469}.Debug|Any CPU.Build.0 = Debug|Any CPU
		{F47CBA48-D52D-4DD8-8D17-4F413C3CE469}.Release|Any CPU.ActiveCfg = Release|Any CPU
		{F47CBA48-D52D-4DD8-8D17-4F413C3CE469}.Release|Any CPU.Build.0 = Release|Any CPU
	EndGlobalSection
	GlobalSection(SolutionProperties) = preSolution
		HideSolutionNode = FALSE
	EndGlobalSection
	GlobalSection(ExtensibilityGlobals) = postSolution
		SolutionGuid = {BBFC2829-71EA-411A-AD2D-D4791D38201D}
	EndGlobalSection
EndGlobal
