
Microsoft Visual Studio Solution File, Format Version 12.00
# Visual Studio Version 17
VisualStudioVersion = 17.0.31903.59
MinimumVisualStudioVersion = 10.0.40219.1
Project("{FAE04EC0-301F-11D3-BF4B-00C04F79EFBC}") = "LittleHorse.Sdk", "LittleHorse.Sdk\LittleHorse.Sdk.csproj", "{338BBF11-3313-4443-8BFC-473EB8F47F1C}"
EndProject
Project("{2150E333-8FDC-42A3-9474-1A3956D46DE8}") = "Examples", "Examples", "{EEC3BB78-BFA5-4525-A965-4EAA3455BBAE}"
EndProject
Project("{FAE04EC0-301F-11D3-BF4B-00C04F79EFBC}") = "BasicExample", "Examples\BasicExample\BasicExample.csproj", "{88CB23B3-1174-45F5-9F72-46AB57BAB661}"
EndProject
Project("{FAE04EC0-301F-11D3-BF4B-00C04F79EFBC}") = "MaskedFieldsExample", "Examples\MaskedFieldsExample\MaskedFieldsExample.csproj", "{AA9767C3-9F03-4414-A4C2-A0C3761A975C}"
EndProject
Project("{FAE04EC0-301F-11D3-BF4B-00C04F79EFBC}") = "LittleHorse.Sdk.Tests", "LittleHorse.Sdk.Tests\LittleHorse.Sdk.Tests.csproj", "{AC276D3F-ABAB-4E2D-B721-099681083390}"
EndProject
Project("{FAE04EC0-301F-11D3-BF4B-00C04F79EFBC}") = "ExceptionsHandlerExample", "Examples\ExceptionsHandlerExample\ExceptionsHandlerExample.csproj", "{6B7A8034-21C0-465D-8708-4F47A1780972}"
EndProject
Project("{FAE04EC0-301F-11D3-BF4B-00C04F79EFBC}") = "WorkerContextExample", "Examples\WorkerContextExample\WorkerContextExample.csproj", "{93DB9DF9-A48B-436F-8892-AE4CAD42323E}"
EndProject
Project("{FAE04EC0-301F-11D3-BF4B-00C04F79EFBC}") = "ConditionalsExample", "Examples\ConditionalsExample\ConditionalsExample.csproj", "{D37393B1-3D05-4A76-BEC3-D801EB576130}"
EndProject
Project("{FAE04EC0-301F-11D3-BF4B-00C04F79EFBC}") = "ConditionalsWhileExample", "Examples\ConditionalsWhileExample\ConditionalsWhileExample.csproj", "{40D76EE3-8B4F-4EAA-A3F0-AAA0DE9D8113}"
EndProject
Project("{FAE04EC0-301F-11D3-BF4B-00C04F79EFBC}") = "MutationExample", "Examples\MutationExample\MutationExample.csproj", "{DEA03A93-461C-48BC-A218-9C75313DC210}"
EndProject
Project("{FAE04EC0-301F-11D3-BF4B-00C04F79EFBC}") = "ExternalEventExample", "Examples\ExternalEventExample\ExternalEventExample.csproj", "{A4E72882-F71E-4269-B011-03CBFDA86E07}"
EndProject
Project("{FAE04EC0-301F-11D3-BF4B-00C04F79EFBC}") = "ChildThreadExample", "Examples\ChildThreadExample\ChildThreadExample.csproj", "{27C6D952-2801-4BFE-8FA3-BE55F6C0988E}"
EndProject
Project("{FAE04EC0-301F-11D3-BF4B-00C04F79EFBC}") = "ChildThreadsForeachExample", "Examples\ChildThreadsForeachExample\ChildThreadsForeachExample.csproj", "{A7DD637B-1C09-4136-BBA4-15C928EF5506}"
EndProject
Project("{FAE04EC0-301F-11D3-BF4B-00C04F79EFBC}") = "InterruptHandlerExample", "Examples\InterruptHandlerExample\InterruptHandlerExample.csproj", "{F4CE0937-29B6-4E95-97EE-D1B766D5F38B}"
EndProject
Project("{FAE04EC0-301F-11D3-BF4B-00C04F79EFBC}") = "AwaitWorkflowEventExample", "Examples\AwaitWorkflowEventExample\AwaitWorkflowEventExample.csproj", "{0FA4E6DF-B4CA-47C2-B1B4-09AC8FD29D2E}"
EndProject
Project("{FAE04EC0-301F-11D3-BF4B-00C04F79EFBC}") = "UserTasksExample", "Examples\UserTasksExample\UserTasksExample.csproj", "{992F5740-338D-4D9D-A13D-AA1EB1D54394}"
EndProject
Project("{FAE04EC0-301F-11D3-BF4B-00C04F79EFBC}") = "ThrowEventRegisterExample", "Examples\ThrowEventRegisterExample\ThrowEventRegisterExample.csproj", "{A0CE226C-97E7-4340-AEDC-665C425524D7}"
EndProject
Global
	GlobalSection(SolutionConfigurationPlatforms) = preSolution
		Debug|Any CPU = Debug|Any CPU
		Release|Any CPU = Release|Any CPU
	EndGlobalSection
	GlobalSection(SolutionProperties) = preSolution
		HideSolutionNode = FALSE
	EndGlobalSection
	GlobalSection(ProjectConfigurationPlatforms) = postSolution
		{338BBF11-3313-4443-8BFC-473EB8F47F1C}.Debug|Any CPU.ActiveCfg = Debug|Any CPU
		{338BBF11-3313-4443-8BFC-473EB8F47F1C}.Debug|Any CPU.Build.0 = Debug|Any CPU
		{338BBF11-3313-4443-8BFC-473EB8F47F1C}.Release|Any CPU.ActiveCfg = Release|Any CPU
		{338BBF11-3313-4443-8BFC-473EB8F47F1C}.Release|Any CPU.Build.0 = Release|Any CPU
		{88CB23B3-1174-45F5-9F72-46AB57BAB661}.Debug|Any CPU.ActiveCfg = Debug|Any CPU
		{88CB23B3-1174-45F5-9F72-46AB57BAB661}.Debug|Any CPU.Build.0 = Debug|Any CPU
		{88CB23B3-1174-45F5-9F72-46AB57BAB661}.Release|Any CPU.ActiveCfg = Release|Any CPU
		{88CB23B3-1174-45F5-9F72-46AB57BAB661}.Release|Any CPU.Build.0 = Release|Any CPU
		{AA9767C3-9F03-4414-A4C2-A0C3761A975C}.Debug|Any CPU.ActiveCfg = Debug|Any CPU
		{AA9767C3-9F03-4414-A4C2-A0C3761A975C}.Debug|Any CPU.Build.0 = Debug|Any CPU
		{AA9767C3-9F03-4414-A4C2-A0C3761A975C}.Release|Any CPU.ActiveCfg = Release|Any CPU
		{AA9767C3-9F03-4414-A4C2-A0C3761A975C}.Release|Any CPU.Build.0 = Release|Any CPU
		{AC276D3F-ABAB-4E2D-B721-099681083390}.Debug|Any CPU.ActiveCfg = Debug|Any CPU
		{AC276D3F-ABAB-4E2D-B721-099681083390}.Debug|Any CPU.Build.0 = Debug|Any CPU
		{AC276D3F-ABAB-4E2D-B721-099681083390}.Release|Any CPU.ActiveCfg = Release|Any CPU
		{AC276D3F-ABAB-4E2D-B721-099681083390}.Release|Any CPU.Build.0 = Release|Any CPU
		{6B7A8034-21C0-465D-8708-4F47A1780972}.Debug|Any CPU.ActiveCfg = Debug|Any CPU
		{6B7A8034-21C0-465D-8708-4F47A1780972}.Debug|Any CPU.Build.0 = Debug|Any CPU
		{6B7A8034-21C0-465D-8708-4F47A1780972}.Release|Any CPU.ActiveCfg = Release|Any CPU
		{6B7A8034-21C0-465D-8708-4F47A1780972}.Release|Any CPU.Build.0 = Release|Any CPU
		{93DB9DF9-A48B-436F-8892-AE4CAD42323E}.Debug|Any CPU.ActiveCfg = Debug|Any CPU
		{93DB9DF9-A48B-436F-8892-AE4CAD42323E}.Debug|Any CPU.Build.0 = Debug|Any CPU
		{93DB9DF9-A48B-436F-8892-AE4CAD42323E}.Release|Any CPU.ActiveCfg = Release|Any CPU
		{93DB9DF9-A48B-436F-8892-AE4CAD42323E}.Release|Any CPU.Build.0 = Release|Any CPU
		{D37393B1-3D05-4A76-BEC3-D801EB576130}.Debug|Any CPU.ActiveCfg = Debug|Any CPU
		{D37393B1-3D05-4A76-BEC3-D801EB576130}.Debug|Any CPU.Build.0 = Debug|Any CPU
		{D37393B1-3D05-4A76-BEC3-D801EB576130}.Release|Any CPU.ActiveCfg = Release|Any CPU
		{D37393B1-3D05-4A76-BEC3-D801EB576130}.Release|Any CPU.Build.0 = Release|Any CPU
		{40D76EE3-8B4F-4EAA-A3F0-AAA0DE9D8113}.Debug|Any CPU.ActiveCfg = Debug|Any CPU
		{40D76EE3-8B4F-4EAA-A3F0-AAA0DE9D8113}.Debug|Any CPU.Build.0 = Debug|Any CPU
		{40D76EE3-8B4F-4EAA-A3F0-AAA0DE9D8113}.Release|Any CPU.ActiveCfg = Release|Any CPU
		{40D76EE3-8B4F-4EAA-A3F0-AAA0DE9D8113}.Release|Any CPU.Build.0 = Release|Any CPU
		{DEA03A93-461C-48BC-A218-9C75313DC210}.Debug|Any CPU.ActiveCfg = Debug|Any CPU
		{DEA03A93-461C-48BC-A218-9C75313DC210}.Debug|Any CPU.Build.0 = Debug|Any CPU
		{DEA03A93-461C-48BC-A218-9C75313DC210}.Release|Any CPU.ActiveCfg = Release|Any CPU
		{DEA03A93-461C-48BC-A218-9C75313DC210}.Release|Any CPU.Build.0 = Release|Any CPU
		{A4E72882-F71E-4269-B011-03CBFDA86E07}.Debug|Any CPU.ActiveCfg = Debug|Any CPU
		{A4E72882-F71E-4269-B011-03CBFDA86E07}.Debug|Any CPU.Build.0 = Debug|Any CPU
		{A4E72882-F71E-4269-B011-03CBFDA86E07}.Release|Any CPU.ActiveCfg = Release|Any CPU
		{A4E72882-F71E-4269-B011-03CBFDA86E07}.Release|Any CPU.Build.0 = Release|Any CPU
		{27C6D952-2801-4BFE-8FA3-BE55F6C0988E}.Debug|Any CPU.ActiveCfg = Debug|Any CPU
		{27C6D952-2801-4BFE-8FA3-BE55F6C0988E}.Debug|Any CPU.Build.0 = Debug|Any CPU
		{27C6D952-2801-4BFE-8FA3-BE55F6C0988E}.Release|Any CPU.ActiveCfg = Release|Any CPU
		{27C6D952-2801-4BFE-8FA3-BE55F6C0988E}.Release|Any CPU.Build.0 = Release|Any CPU
		{A7DD637B-1C09-4136-BBA4-15C928EF5506}.Debug|Any CPU.ActiveCfg = Debug|Any CPU
		{A7DD637B-1C09-4136-BBA4-15C928EF5506}.Debug|Any CPU.Build.0 = Debug|Any CPU
		{A7DD637B-1C09-4136-BBA4-15C928EF5506}.Release|Any CPU.ActiveCfg = Release|Any CPU
		{A7DD637B-1C09-4136-BBA4-15C928EF5506}.Release|Any CPU.Build.0 = Release|Any CPU
		{F4CE0937-29B6-4E95-97EE-D1B766D5F38B}.Debug|Any CPU.ActiveCfg = Debug|Any CPU
		{F4CE0937-29B6-4E95-97EE-D1B766D5F38B}.Debug|Any CPU.Build.0 = Debug|Any CPU
		{F4CE0937-29B6-4E95-97EE-D1B766D5F38B}.Release|Any CPU.ActiveCfg = Release|Any CPU
		{F4CE0937-29B6-4E95-97EE-D1B766D5F38B}.Release|Any CPU.Build.0 = Release|Any CPU
		{0FA4E6DF-B4CA-47C2-B1B4-09AC8FD29D2E}.Debug|Any CPU.ActiveCfg = Debug|Any CPU
		{0FA4E6DF-B4CA-47C2-B1B4-09AC8FD29D2E}.Debug|Any CPU.Build.0 = Debug|Any CPU
		{0FA4E6DF-B4CA-47C2-B1B4-09AC8FD29D2E}.Release|Any CPU.ActiveCfg = Release|Any CPU
		{0FA4E6DF-B4CA-47C2-B1B4-09AC8FD29D2E}.Release|Any CPU.Build.0 = Release|Any CPU
		{992F5740-338D-4D9D-A13D-AA1EB1D54394}.Debug|Any CPU.ActiveCfg = Debug|Any CPU
		{992F5740-338D-4D9D-A13D-AA1EB1D54394}.Debug|Any CPU.Build.0 = Debug|Any CPU
		{992F5740-338D-4D9D-A13D-AA1EB1D54394}.Release|Any CPU.ActiveCfg = Release|Any CPU
		{992F5740-338D-4D9D-A13D-AA1EB1D54394}.Release|Any CPU.Build.0 = Release|Any CPU
		{A0CE226C-97E7-4340-AEDC-665C425524D7}.Debug|Any CPU.ActiveCfg = Debug|Any CPU
		{A0CE226C-97E7-4340-AEDC-665C425524D7}.Debug|Any CPU.Build.0 = Debug|Any CPU
		{A0CE226C-97E7-4340-AEDC-665C425524D7}.Release|Any CPU.ActiveCfg = Release|Any CPU
		{A0CE226C-97E7-4340-AEDC-665C425524D7}.Release|Any CPU.Build.0 = Release|Any CPU
	EndGlobalSection
	GlobalSection(NestedProjects) = preSolution
		{88CB23B3-1174-45F5-9F72-46AB57BAB661} = {EEC3BB78-BFA5-4525-A965-4EAA3455BBAE}
		{AA9767C3-9F03-4414-A4C2-A0C3761A975C} = {EEC3BB78-BFA5-4525-A965-4EAA3455BBAE}
		{6B7A8034-21C0-465D-8708-4F47A1780972} = {EEC3BB78-BFA5-4525-A965-4EAA3455BBAE}
		{93DB9DF9-A48B-436F-8892-AE4CAD42323E} = {EEC3BB78-BFA5-4525-A965-4EAA3455BBAE}
		{D37393B1-3D05-4A76-BEC3-D801EB576130} = {EEC3BB78-BFA5-4525-A965-4EAA3455BBAE}
		{40D76EE3-8B4F-4EAA-A3F0-AAA0DE9D8113} = {EEC3BB78-BFA5-4525-A965-4EAA3455BBAE}
		{DEA03A93-461C-48BC-A218-9C75313DC210} = {EEC3BB78-BFA5-4525-A965-4EAA3455BBAE}
		{A4E72882-F71E-4269-B011-03CBFDA86E07} = {EEC3BB78-BFA5-4525-A965-4EAA3455BBAE}
		{27C6D952-2801-4BFE-8FA3-BE55F6C0988E} = {EEC3BB78-BFA5-4525-A965-4EAA3455BBAE}
		{A7DD637B-1C09-4136-BBA4-15C928EF5506} = {EEC3BB78-BFA5-4525-A965-4EAA3455BBAE}
		{F4CE0937-29B6-4E95-97EE-D1B766D5F38B} = {EEC3BB78-BFA5-4525-A965-4EAA3455BBAE}
		{0FA4E6DF-B4CA-47C2-B1B4-09AC8FD29D2E} = {EEC3BB78-BFA5-4525-A965-4EAA3455BBAE}
		{992F5740-338D-4D9D-A13D-AA1EB1D54394} = {EEC3BB78-BFA5-4525-A965-4EAA3455BBAE}
		{A0CE226C-97E7-4340-AEDC-665C425524D7} = {EEC3BB78-BFA5-4525-A965-4EAA3455BBAE}
	EndGlobalSection
EndGlobal
